<?xml version="1.0" encoding="utf-8"?>
<Project xmlns="http://schemas.microsoft.com/developer/msbuild/2003">
  <ItemGroup>
    <Filter Include="Form Files">
      <UniqueIdentifier>{99349809-55BA-4b9d-BF79-8FDBB0286EB3}</UniqueIdentifier>
      <Extensions>ui</Extensions>
      <ParseFiles>false</ParseFiles>
    </Filter>
    <Filter Include="Form Files">
      <UniqueIdentifier>{99349809-55BA-4b9d-BF79-8FDBB0286EB3}</UniqueIdentifier>
      <Extensions>ui</Extensions>
      <ParseFiles>false</ParseFiles>
    </Filter>
    <Filter Include="Generated Files">
      <UniqueIdentifier>{71ED8ED8-ACB9-4CE9-BBE1-E00B30144E11}</UniqueIdentifier>
      <Extensions>cpp;c;cxx;moc;h;def;odl;idl;res;</Extensions>
    </Filter>
    <Filter Include="Generated Files">
      <UniqueIdentifier>{71ED8ED8-ACB9-4CE9-BBE1-E00B30144E11}</UniqueIdentifier>
      <Extensions>cpp;c;cxx;moc;h;def;odl;idl;res;</Extensions>
    </Filter>
    <Filter Include="Header Files">
      <UniqueIdentifier>{93995380-89BD-4b04-88EB-625FBE52EBFB}</UniqueIdentifier>
      <Extensions>h;hpp;hxx;hm;inl;inc;xsd</Extensions>
    </Filter>
    <Filter Include="Header Files">
      <UniqueIdentifier>{93995380-89BD-4b04-88EB-625FBE52EBFB}</UniqueIdentifier>
      <Extensions>h;hpp;hxx;hm;inl;inc;xsd</Extensions>
    </Filter>
    <Filter Include="Resource Files">
      <UniqueIdentifier>{D9D6E242-F8AF-46E4-B9FD-80ECBC20BA3E}</UniqueIdentifier>
      <Extensions>qrc;*</Extensions>
      <ParseFiles>false</ParseFiles>
    </Filter>
    <Filter Include="Resource Files">
      <UniqueIdentifier>{D9D6E242-F8AF-46E4-B9FD-80ECBC20BA3E}</UniqueIdentifier>
      <Extensions>qrc;*</Extensions>
      <ParseFiles>false</ParseFiles>
    </Filter>
    <Filter Include="Source Files">
      <UniqueIdentifier>{4FC737F1-C7A5-4376-A066-2A32D752A2FF}</UniqueIdentifier>
      <Extensions>cpp;c;cxx;def;odl;idl;hpj;bat;asm;asmx</Extensions>
    </Filter>
    <Filter Include="Source Files">
      <UniqueIdentifier>{4FC737F1-C7A5-4376-A066-2A32D752A2FF}</UniqueIdentifier>
      <Extensions>cpp;c;cxx;def;odl;idl;hpj;bat;asm;asmx</Extensions>
    </Filter>
    <Filter Include="Translation Files">
      <UniqueIdentifier>{639EADAA-A684-42e4-A9AD-28FC9BCB8F7C}</UniqueIdentifier>
      <Extensions>ts;xlf</Extensions>
      <ParseFiles>false</ParseFiles>
    </Filter>
    <Filter Include="Translation Files">
      <UniqueIdentifier>{639EADAA-A684-42e4-A9AD-28FC9BCB8F7C}</UniqueIdentifier>
      <Extensions>ts;xlf</Extensions>
      <ParseFiles>false</ParseFiles>
    </Filter>
  </ItemGroup>
  <ItemGroup>
    <ClCompile Include="djview.cpp">
      <Filter>Source Files</Filter>
    </ClCompile>
    <ClCompile Include="qdjview.cpp">
      <Filter>Source Files</Filter>
    </ClCompile>
    <ClCompile Include="qdjviewdialogs.cpp">
      <Filter>Source Files</Filter>
    </ClCompile>
    <ClCompile Include="qdjviewexporters.cpp">
      <Filter>Source Files</Filter>
    </ClCompile>
    <ClCompile Include="qdjviewplugin.cpp">
      <Filter>Source Files</Filter>
    </ClCompile>
    <ClCompile Include="qdjviewprefs.cpp">
      <Filter>Source Files</Filter>
    </ClCompile>
    <ClCompile Include="qdjviewsidebar.cpp">
      <Filter>Source Files</Filter>
    </ClCompile>
    <ClCompile Include="qdjvu.cpp">
      <Filter>Source Files</Filter>
    </ClCompile>
    <ClCompile Include="qdjvunet.cpp">
      <Filter>Source Files</Filter>
    </ClCompile>
    <ClCompile Include="qdjvuwidget.cpp">
      <Filter>Source Files</Filter>
    </ClCompile>
    <ClCompile Include="tiff2pdf.c">
      <Filter>Source Files</Filter>
    </ClCompile>
  </ItemGroup>
  <ItemGroup>
    <CustomBuild Include="djview.h">
      <Filter>Header Files</Filter>
    </CustomBuild>
    <CustomBuild Include="qdjview.h">
      <Filter>Header Files</Filter>
    </CustomBuild>
    <CustomBuild Include="qdjviewdialogs.h">
      <Filter>Header Files</Filter>
    </CustomBuild>
    <CustomBuild Include="qdjviewexporters.h">
      <Filter>Header Files</Filter>
    </CustomBuild>
    <ClInclude Include="qdjviewplugin.h">
      <Filter>Header Files</Filter>
    </ClInclude>
    <CustomBuild Include="qdjviewprefs.h">
      <Filter>Header Files</Filter>
    </CustomBuild>
    <CustomBuild Include="qdjviewsidebar.h">
      <Filter>Header Files</Filter>
    </CustomBuild>
    <CustomBuild Include="qdjvu.h">
      <Filter>Header Files</Filter>
    </CustomBuild>
    <CustomBuild Include="qdjvunet.h">
      <Filter>Header Files</Filter>
    </CustomBuild>
    <CustomBuild Include="qdjvuwidget.h">
      <Filter>Header Files</Filter>
    </CustomBuild>
    <ClInclude Include="tiff2pdf.h">
      <Filter>Header Files</Filter>
    </ClInclude>
    <ClInclude Include="version.h">
      <Filter>Header Files</Filter>
    </ClInclude>
  </ItemGroup>
  <ItemGroup>
    <ClCompile Include="debug\moc_djview.cpp">
      <Filter>Generated Files</Filter>
    </ClCompile>
    <ClCompile Include="release\moc_djview.cpp">
      <Filter>Generated Files</Filter>
    </ClCompile>
    <CustomBuild Include="debug\moc_predefs.h.cbt">
      <Filter>Generated Files</Filter>
    </CustomBuild>
    <CustomBuild Include="release\moc_predefs.h.cbt">
      <Filter>Generated Files</Filter>
    </CustomBuild>
    <ClCompile Include="debug\moc_qdjview.cpp">
      <Filter>Generated Files</Filter>
    </ClCompile>
    <ClCompile Include="release\moc_qdjview.cpp">
      <Filter>Generated Files</Filter>
    </ClCompile>
    <ClCompile Include="debug\moc_qdjviewdialogs.cpp">
      <Filter>Generated Files</Filter>
    </ClCompile>
    <ClCompile Include="release\moc_qdjviewdialogs.cpp">
      <Filter>Generated Files</Filter>
    </ClCompile>
    <ClCompile Include="debug\moc_qdjviewexporters.cpp">
      <Filter>Generated Files</Filter>
    </ClCompile>
    <ClCompile Include="release\moc_qdjviewexporters.cpp">
      <Filter>Generated Files</Filter>
    </ClCompile>
    <ClCompile Include="debug\moc_qdjviewprefs.cpp">
      <Filter>Generated Files</Filter>
    </ClCompile>
    <ClCompile Include="release\moc_qdjviewprefs.cpp">
      <Filter>Generated Files</Filter>
    </ClCompile>
    <ClCompile Include="debug\moc_qdjviewsidebar.cpp">
      <Filter>Generated Files</Filter>
    </ClCompile>
    <ClCompile Include="release\moc_qdjviewsidebar.cpp">
      <Filter>Generated Files</Filter>
    </ClCompile>
    <ClCompile Include="debug\moc_qdjvu.cpp">
      <Filter>Generated Files</Filter>
    </ClCompile>
    <ClCompile Include="release\moc_qdjvu.cpp">
      <Filter>Generated Files</Filter>
    </ClCompile>
    <ClCompile Include="debug\moc_qdjvunet.cpp">
      <Filter>Generated Files</Filter>
    </ClCompile>
    <ClCompile Include="release\moc_qdjvunet.cpp">
      <Filter>Generated Files</Filter>
    </ClCompile>
    <ClCompile Include="debug\moc_qdjvuwidget.cpp">
      <Filter>Generated Files</Filter>
    </ClCompile>
    <ClCompile Include="release\moc_qdjvuwidget.cpp">
      <Filter>Generated Files</Filter>
    </ClCompile>
    <CustomBuild Include="debug\qdjview.moc.cbt">
      <Filter>Generated Files</Filter>
    </CustomBuild>
    <CustomBuild Include="release\qdjview.moc.cbt">
      <Filter>Generated Files</Filter>
    </CustomBuild>
    <CustomBuild Include="debug\qdjviewexporters.moc.cbt">
      <Filter>Generated Files</Filter>
    </CustomBuild>
    <CustomBuild Include="release\qdjviewexporters.moc.cbt">
      <Filter>Generated Files</Filter>
    </CustomBuild>
    <CustomBuild Include="debug\qdjviewplugin.moc.cbt">
      <Filter>Generated Files</Filter>
    </CustomBuild>
    <CustomBuild Include="release\qdjviewplugin.moc.cbt">
      <Filter>Generated Files</Filter>
    </CustomBuild>
    <CustomBuild Include="debug\qdjviewprefs.moc.cbt">
      <Filter>Generated Files</Filter>
    </CustomBuild>
    <CustomBuild Include="release\qdjviewprefs.moc.cbt">
      <Filter>Generated Files</Filter>
    </CustomBuild>
    <CustomBuild Include="debug\qdjviewsidebar.moc.cbt">
      <Filter>Generated Files</Filter>
    </CustomBuild>
    <CustomBuild Include="release\qdjviewsidebar.moc.cbt">
      <Filter>Generated Files</Filter>
    </CustomBuild>
    <CustomBuild Include="debug\qdjvu.moc.cbt">
      <Filter>Generated Files</Filter>
    </CustomBuild>
    <CustomBuild Include="release\qdjvu.moc.cbt">
      <Filter>Generated Files</Filter>
    </CustomBuild>
    <CustomBuild Include="debug\qdjvunet.moc.cbt">
      <Filter>Generated Files</Filter>
    </CustomBuild>
    <CustomBuild Include="release\qdjvunet.moc.cbt">
      <Filter>Generated Files</Filter>
    </CustomBuild>
    <CustomBuild Include="debug\qdjvuwidget.moc.cbt">
      <Filter>Generated Files</Filter>
    </CustomBuild>
    <CustomBuild Include="release\qdjvuwidget.moc.cbt">
      <Filter>Generated Files</Filter>
    </CustomBuild>
    <ClCompile Include="debug\qrc_qdjview.cpp">
      <Filter>Generated Files</Filter>
    </ClCompile>
    <ClCompile Include="release\qrc_qdjview.cpp">
      <Filter>Generated Files</Filter>
    </ClCompile>
    <ClCompile Include="debug\qrc_qdjvuwidget.cpp">
      <Filter>Generated Files</Filter>
    </ClCompile>
    <ClCompile Include="release\qrc_qdjvuwidget.cpp">
      <Filter>Generated Files</Filter>
    </ClCompile>
    <ClInclude Include="ui_qdjviewauthdialog.h">
      <Filter>Generated Files</Filter>
    </ClInclude>
    <ClInclude Include="ui_qdjviewerrordialog.h">
      <Filter>Generated Files</Filter>
    </ClInclude>
    <ClInclude Include="ui_qdjviewexportdialog.h">
      <Filter>Generated Files</Filter>
    </ClInclude>
    <ClInclude Include="ui_qdjviewexportprn.h">
      <Filter>Generated Files</Filter>
    </ClInclude>
    <ClInclude Include="ui_qdjviewexportps1.h">
      <Filter>Generated Files</Filter>
    </ClInclude>
    <ClInclude Include="ui_qdjviewexportps2.h">
      <Filter>Generated Files</Filter>
    </ClInclude>
    <ClInclude Include="ui_qdjviewexportps3.h">
      <Filter>Generated Files</Filter>
    </ClInclude>
    <ClInclude Include="ui_qdjviewexporttiff.h">
      <Filter>Generated Files</Filter>
    </ClInclude>
    <ClInclude Include="ui_qdjviewinfodialog.h">
      <Filter>Generated Files</Filter>
    </ClInclude>
    <ClInclude Include="ui_qdjviewmetadialog.h">
      <Filter>Generated Files</Filter>
    </ClInclude>
    <ClInclude Include="ui_qdjviewprefsdialog.h">
      <Filter>Generated Files</Filter>
    </ClInclude>
    <ClInclude Include="ui_qdjviewprintdialog.h">
      <Filter>Generated Files</Filter>
    </ClInclude>
    <ClInclude Include="ui_qdjviewsavedialog.h">
      <Filter>Generated Files</Filter>
    </ClInclude>
  </ItemGroup>
  <ItemGroup>
    <None Include="djview_cs.ts">
      <Filter>Translation Files</Filter>
    </None>
    <None Include="djview_de.ts">
      <Filter>Translation Files</Filter>
    </None>
    <None Include="djview_es.ts">
      <Filter>Translation Files</Filter>
    </None>
    <None Include="djview_fr.ts">
      <Filter>Translation Files</Filter>
    </None>
    <None Include="djview_ru.ts">
      <Filter>Translation Files</Filter>
    </None>
    <None Include="djview_uk.ts">
      <Filter>Translation Files</Filter>
    </None>
    <None Include="djview_zh_cn.ts">
      <Filter>Translation Files</Filter>
    </None>
    <None Include="djview_zh_tw.ts">
      <Filter>Translation Files</Filter>
    </None>
  </ItemGroup>
  <ItemGroup>
    <CustomBuild Include="qdjviewauthdialog.ui">
      <Filter>Form Files</Filter>
    </CustomBuild>
    <CustomBuild Include="qdjviewerrordialog.ui">
      <Filter>Form Files</Filter>
    </CustomBuild>
    <CustomBuild Include="qdjviewexportdialog.ui">
      <Filter>Form Files</Filter>
    </CustomBuild>
    <CustomBuild Include="qdjviewexportprn.ui">
      <Filter>Form Files</Filter>
    </CustomBuild>
    <CustomBuild Include="qdjviewexportps1.ui">
      <Filter>Form Files</Filter>
    </CustomBuild>
    <CustomBuild Include="qdjviewexportps2.ui">
      <Filter>Form Files</Filter>
    </CustomBuild>
    <CustomBuild Include="qdjviewexportps3.ui">
      <Filter>Form Files</Filter>
    </CustomBuild>
    <CustomBuild Include="qdjviewexporttiff.ui">
      <Filter>Form Files</Filter>
    </CustomBuild>
    <CustomBuild Include="qdjviewinfodialog.ui">
      <Filter>Form Files</Filter>
    </CustomBuild>
    <CustomBuild Include="qdjviewmetadialog.ui">
      <Filter>Form Files</Filter>
    </CustomBuild>
    <CustomBuild Include="qdjviewprefsdialog.ui">
      <Filter>Form Files</Filter>
    </CustomBuild>
    <CustomBuild Include="qdjviewprintdialog.ui">
      <Filter>Form Files</Filter>
    </CustomBuild>
    <CustomBuild Include="qdjviewsavedialog.ui">
      <Filter>Form Files</Filter>
    </CustomBuild>
  </ItemGroup>
  <ItemGroup>
    <None Include="images\cursor_hand_closed.png">
      <Filter>Resource Files</Filter>
    </None>
    <None Include="images\cursor_hand_open.png">
      <Filter>Resource Files</Filter>
    </None>
    <None Include="images\djview.png">
      <Filter>Resource Files</Filter>
    </None>
    <None Include="images\djvu_fail.png">
      <Filter>Resource Files</Filter>
    </None>
    <None Include="images\djvu_logo.png">
      <Filter>Resource Files</Filter>
    </None>
    <None Include="images\djvu_stop.png">
      <Filter>Resource Files</Filter>
    </None>
    <None Include="images\djvu_wait.png">
      <Filter>Resource Files</Filter>
    </None>
    <None Include="images\icon_back.png">
      <Filter>Resource Files</Filter>
    </None>
    <None Include="images\icon_close.png">
      <Filter>Resource Files</Filter>
    </None>
    <None Include="images\icon_continuous.png">
      <Filter>Resource Files</Filter>
    </None>
    <None Include="images\icon_djvu.png">
      <Filter>Resource Files</Filter>
    </None>
    <None Include="images\icon_down.png">
      <Filter>Resource Files</Filter>
    </None>
    <None Include="images\icon_empty.png">
      <Filter>Resource Files</Filter>
    </None>
    <None Include="images\icon_erase.png">
      <Filter>Resource Files</Filter>
    </None>
    <None Include="images\icon_export.png">
      <Filter>Resource Files</Filter>
    </None>
    <None Include="images\icon_find.png">
      <Filter>Resource Files</Filter>
    </None>
    <None Include="images\icon_first.png">
      <Filter>Resource Files</Filter>
    </None>
    <None Include="images\icon_forw.png">
      <Filter>Resource Files</Filter>
    </None>
    <None Include="images\icon_fullscreen.png">
      <Filter>Resource Files</Filter>
    </None>
    <None Include="images\icon_last.png">
      <Filter>Resource Files</Filter>
    </None>
    <None Include="images\icon_new.png">
      <Filter>Resource Files</Filter>
    </None>
    <None Include="images\icon_next.png">
      <Filter>Resource Files</Filter>
    </None>
    <None Include="images\icon_open.png">
      <Filter>Resource Files</Filter>
    </None>
    <None Include="images\icon_prefs.png">
      <Filter>Resource Files</Filter>
    </None>
    <None Include="images\icon_prev.png">
      <Filter>Resource Files</Filter>
    </None>
    <None Include="images\icon_print.png">
      <Filter>Resource Files</Filter>
    </None>
    <None Include="images\icon_quit.png">
      <Filter>Resource Files</Filter>
    </None>
    <None Include="images\icon_rotateleft.png">
      <Filter>Resource Files</Filter>
    </None>
    <None Include="images\icon_rotateright.png">
      <Filter>Resource Files</Filter>
    </None>
    <None Include="images\icon_save.png">
      <Filter>Resource Files</Filter>
    </None>
    <None Include="images\icon_select.png">
      <Filter>Resource Files</Filter>
    </None>
    <None Include="images\icon_sidebar.png">
      <Filter>Resource Files</Filter>
    </None>
    <None Include="images\icon_sidebyside.png">
      <Filter>Resource Files</Filter>
    </None>
    <None Include="images\icon_slideshow.png">
      <Filter>Resource Files</Filter>
    </None>
    <None Include="images\icon_up.png">
      <Filter>Resource Files</Filter>
    </None>
    <None Include="images\icon_web.png">
      <Filter>Resource Files</Filter>
    </None>
    <None Include="images\icon_zoomin.png">
      <Filter>Resource Files</Filter>
    </None>
    <None Include="images\icon_zoomout.png">
      <Filter>Resource Files</Filter>
    </None>
    <CustomBuild Include="qdjview.qrc">
      <Filter>Resource Files</Filter>
    </CustomBuild>
    <CustomBuild Include="qdjvuwidget.qrc">
      <Filter>Resource Files</Filter>
    </CustomBuild>
    <None Include="images\splash.png">
      <Filter>Resource Files</Filter>
    </None>
    <None Include="images\text_pushpin.png">
      <Filter>Resource Files</Filter>
    </None>
  </ItemGroup>
  <ItemGroup>
    <ResourceCompile Include="djview.rc" />
  </ItemGroup>
</Project>